// !$*UTF8*$!
{
	archiveVersion = 1;
	classes = {
	};
	objectVersion = 55;
	objects = {

/* Begin PBXBuildFile section */
		F8D4911F2804BE9F00DEF9C6 /* AppDelegate.swift in Sources */ = {isa = PBXBuildFile; fileRef = F8D4911E2804BE9F00DEF9C6 /* AppDelegate.swift */; };
		F8D491212804BE9F00DEF9C6 /* SceneDelegate.swift in Sources */ = {isa = PBXBuildFile; fileRef = F8D491202804BE9F00DEF9C6 /* SceneDelegate.swift */; };
		F8D491232804BE9F00DEF9C6 /* EntryListViewController.swift in Sources */ = {isa = PBXBuildFile; fileRef = F8D491222804BE9F00DEF9C6 /* EntryListViewController.swift */; };
		F8D491262804BE9F00DEF9C6 /* Main.storyboard in Resources */ = {isa = PBXBuildFile; fileRef = F8D491242804BE9F00DEF9C6 /* Main.storyboard */; };
		F8D491282804BEA000DEF9C6 /* Assets.xcassets in Resources */ = {isa = PBXBuildFile; fileRef = F8D491272804BEA000DEF9C6 /* Assets.xcassets */; };
		F8D4912B2804BEA000DEF9C6 /* LaunchScreen.storyboard in Resources */ = {isa = PBXBuildFile; fileRef = F8D491292804BEA000DEF9C6 /* LaunchScreen.storyboard */; };
		F8D491372804BF5000DEF9C6 /* Entry.swift in Sources */ = {isa = PBXBuildFile; fileRef = F8D491362804BF5000DEF9C6 /* Entry.swift */; };
		F8D4913A2804C20000DEF9C6 /* EntryController.swift in Sources */ = {isa = PBXBuildFile; fileRef = F8D491392804C20000DEF9C6 /* EntryController.swift */; };
		F8D4913C2804C93600DEF9C6 /* EntryError.swift in Sources */ = {isa = PBXBuildFile; fileRef = F8D4913B2804C93600DEF9C6 /* EntryError.swift */; };
		F8D4913E2804CAC000DEF9C6 /* CloudOperation.swift in Sources */ = {isa = PBXBuildFile; fileRef = F8D4913D2804CAC000DEF9C6 /* CloudOperation.swift */; };
		F8D491402804D05A00DEF9C6 /* EntryDetailViewController.swift in Sources */ = {isa = PBXBuildFile; fileRef = F8D4913F2804D05A00DEF9C6 /* EntryDetailViewController.swift */; };
		F8D491432804D51C00DEF9C6 /* Date+.swift in Sources */ = {isa = PBXBuildFile; fileRef = F8D491422804D51C00DEF9C6 /* Date+.swift */; };
		F8D491462804D6C900DEF9C6 /* CloudKit.framework in Frameworks */ = {isa = PBXBuildFile; fileRef = F8D491452804D6C900DEF9C6 /* CloudKit.framework */; };
/* End PBXBuildFile section */

/* Begin PBXFileReference section */
		F8D4911B2804BE9F00DEF9C6 /* JournalByCloudKit.app */ = {isa = PBXFileReference; explicitFileType = wrapper.application; includeInIndex = 0; path = JournalByCloudKit.app; sourceTree = BUILT_PRODUCTS_DIR; };
		F8D4911E2804BE9F00DEF9C6 /* AppDelegate.swift */ = {isa = PBXFileReference; lastKnownFileType = sourcecode.swift; path = AppDelegate.swift; sourceTree = "<group>"; };
		F8D491202804BE9F00DEF9C6 /* SceneDelegate.swift */ = {isa = PBXFileReference; lastKnownFileType = sourcecode.swift; path = SceneDelegate.swift; sourceTree = "<group>"; };
		F8D491222804BE9F00DEF9C6 /* EntryListViewController.swift */ = {isa = PBXFileReference; lastKnownFileType = sourcecode.swift; path = EntryListViewController.swift; sourceTree = "<group>"; };
		F8D491252804BE9F00DEF9C6 /* Base */ = {isa = PBXFileReference; lastKnownFileType = file.storyboard; name = Base; path = Base.lproj/Main.storyboard; sourceTree = "<group>"; };
		F8D491272804BEA000DEF9C6 /* Assets.xcassets */ = {isa = PBXFileReference; lastKnownFileType = folder.assetcatalog; path = Assets.xcassets; sourceTree = "<group>"; };
		F8D4912A2804BEA000DEF9C6 /* Base */ = {isa = PBXFileReference; lastKnownFileType = file.storyboard; name = Base; path = Base.lproj/LaunchScreen.storyboard; sourceTree = "<group>"; };
		F8D4912C2804BEA000DEF9C6 /* Info.plist */ = {isa = PBXFileReference; lastKnownFileType = text.plist.xml; path = Info.plist; sourceTree = "<group>"; };
		F8D491362804BF5000DEF9C6 /* Entry.swift */ = {isa = PBXFileReference; lastKnownFileType = sourcecode.swift; path = Entry.swift; sourceTree = "<group>"; };
		F8D491382804BFAE00DEF9C6 /* JournalByCloudKit.entitlements */ = {isa = PBXFileReference; lastKnownFileType = text.plist.entitlements; path = JournalByCloudKit.entitlements; sourceTree = "<group>"; };
		F8D491392804C20000DEF9C6 /* EntryController.swift */ = {isa = PBXFileReference; lastKnownFileType = sourcecode.swift; path = EntryController.swift; sourceTree = "<group>"; };
		F8D4913B2804C93600DEF9C6 /* EntryError.swift */ = {isa = PBXFileReference; lastKnownFileType = sourcecode.swift; path = EntryError.swift; sourceTree = "<group>"; };
		F8D4913D2804CAC000DEF9C6 /* CloudOperation.swift */ = {isa = PBXFileReference; lastKnownFileType = sourcecode.swift; path = CloudOperation.swift; sourceTree = "<group>"; };
		F8D4913F2804D05A00DEF9C6 /* EntryDetailViewController.swift */ = {isa = PBXFileReference; lastKnownFileType = sourcecode.swift; path = EntryDetailViewController.swift; sourceTree = "<group>"; };
		F8D491422804D51C00DEF9C6 /* Date+.swift */ = {isa = PBXFileReference; lastKnownFileType = sourcecode.swift; path = "Date+.swift"; sourceTree = "<group>"; };
		F8D491452804D6C900DEF9C6 /* CloudKit.framework */ = {isa = PBXFileReference; lastKnownFileType = wrapper.framework; name = CloudKit.framework; path = System/Library/Frameworks/CloudKit.framework; sourceTree = SDKROOT; };
/* End PBXFileReference section */

/* Begin PBXFrameworksBuildPhase section */
		F8D491182804BE9F00DEF9C6 /* Frameworks */ = {
			isa = PBXFrameworksBuildPhase;
			buildActionMask = 2147483647;
			files = (
				F8D491462804D6C900DEF9C6 /* CloudKit.framework in Frameworks */,
			);
			runOnlyForDeploymentPostprocessing = 0;
		};
/* End PBXFrameworksBuildPhase section */

/* Begin PBXGroup section */
		F8D491122804BE9F00DEF9C6 = {
			isa = PBXGroup;
			children = (
				F8D4911D2804BE9F00DEF9C6 /* JournalByCloudKit */,
				F8D4911C2804BE9F00DEF9C6 /* Products */,
				F8D491442804D6C900DEF9C6 /* Frameworks */,
			);
			sourceTree = "<group>";
		};
		F8D4911C2804BE9F00DEF9C6 /* Products */ = {
			isa = PBXGroup;
			children = (
				F8D4911B2804BE9F00DEF9C6 /* JournalByCloudKit.app */,
			);
			name = Products;
			sourceTree = "<group>";
		};
		F8D4911D2804BE9F00DEF9C6 /* JournalByCloudKit */ = {
			isa = PBXGroup;
			children = (
				F8D491382804BFAE00DEF9C6 /* JournalByCloudKit.entitlements */,
				F8D491352804BF3300DEF9C6 /* Model */,
				F8D491342804BF2A00DEF9C6 /* ViewControllers */,
				F8D491332804BF1300DEF9C6 /* Views & Storyboards */,
				F8D491412804D50600DEF9C6 /* Helpers */,
				F8D491322804BF0700DEF9C6 /* Resources */,
			);
			path = JournalByCloudKit;
			sourceTree = "<group>";
		};
		F8D491322804BF0700DEF9C6 /* Resources */ = {
			isa = PBXGroup;
			children = (
				F8D4911E2804BE9F00DEF9C6 /* AppDelegate.swift */,
				F8D491202804BE9F00DEF9C6 /* SceneDelegate.swift */,
				F8D491272804BEA000DEF9C6 /* Assets.xcassets */,
				F8D4912C2804BEA000DEF9C6 /* Info.plist */,
			);
			path = Resources;
			sourceTree = "<group>";
		};
		F8D491332804BF1300DEF9C6 /* Views & Storyboards */ = {
			isa = PBXGroup;
			children = (
				F8D491242804BE9F00DEF9C6 /* Main.storyboard */,
				F8D491292804BEA000DEF9C6 /* LaunchScreen.storyboard */,
			);
			path = "Views & Storyboards";
			sourceTree = "<group>";
		};
		F8D491342804BF2A00DEF9C6 /* ViewControllers */ = {
			isa = PBXGroup;
			children = (
				F8D4913F2804D05A00DEF9C6 /* EntryDetailViewController.swift */,
				F8D491222804BE9F00DEF9C6 /* EntryListViewController.swift */,
			);
			path = ViewControllers;
			sourceTree = "<group>";
		};
		F8D491352804BF3300DEF9C6 /* Model */ = {
			isa = PBXGroup;
			children = (
				F8D4913D2804CAC000DEF9C6 /* CloudOperation.swift */,
				F8D491362804BF5000DEF9C6 /* Entry.swift */,
				F8D491392804C20000DEF9C6 /* EntryController.swift */,
				F8D4913B2804C93600DEF9C6 /* EntryError.swift */,
			);
			path = Model;
			sourceTree = "<group>";
		};
		F8D491412804D50600DEF9C6 /* Helpers */ = {
			isa = PBXGroup;
			children = (
				F8D491422804D51C00DEF9C6 /* Date+.swift */,
			);
			path = Helpers;
			sourceTree = "<group>";
		};
		F8D491442804D6C900DEF9C6 /* Frameworks */ = {
			isa = PBXGroup;
			children = (
				F8D491452804D6C900DEF9C6 /* CloudKit.framework */,
			);
			name = Frameworks;
			sourceTree = "<group>";
		};
/* End PBXGroup section */

/* Begin PBXNativeTarget section */
		F8D4911A2804BE9F00DEF9C6 /* JournalByCloudKit */ = {
			isa = PBXNativeTarget;
			buildConfigurationList = F8D4912F2804BEA000DEF9C6 /* Build configuration list for PBXNativeTarget "JournalByCloudKit" */;
			buildPhases = (
				F8D491172804BE9F00DEF9C6 /* Sources */,
				F8D491182804BE9F00DEF9C6 /* Frameworks */,
				F8D491192804BE9F00DEF9C6 /* Resources */,
			);
			buildRules = (
			);
			dependencies = (
			);
			name = JournalByCloudKit;
			productName = JournalByCloudKit;
			productReference = F8D4911B2804BE9F00DEF9C6 /* JournalByCloudKit.app */;
			productType = "com.apple.product-type.application";
		};
/* End PBXNativeTarget section */

/* Begin PBXProject section */
		F8D491132804BE9F00DEF9C6 /* Project object */ = {
			isa = PBXProject;
			attributes = {
				BuildIndependentTargetsInParallel = 1;
				LastSwiftUpdateCheck = 1330;
				LastUpgradeCheck = 1330;
				TargetAttributes = {
					F8D4911A2804BE9F00DEF9C6 = {
						CreatedOnToolsVersion = 13.3;
					};
				};
			};
			buildConfigurationList = F8D491162804BE9F00DEF9C6 /* Build configuration list for PBXProject "JournalByCloudKit" */;
			compatibilityVersion = "Xcode 13.0";
			developmentRegion = en;
			hasScannedForEncodings = 0;
			knownRegions = (
				en,
				Base,
			);
			mainGroup = F8D491122804BE9F00DEF9C6;
			productRefGroup = F8D4911C2804BE9F00DEF9C6 /* Products */;
			projectDirPath = "";
			projectRoot = "";
			targets = (
				F8D4911A2804BE9F00DEF9C6 /* JournalByCloudKit */,
			);
		};
/* End PBXProject section */

/* Begin PBXResourcesBuildPhase section */
		F8D491192804BE9F00DEF9C6 /* Resources */ = {
			isa = PBXResourcesBuildPhase;
			buildActionMask = 2147483647;
			files = (
				F8D4912B2804BEA000DEF9C6 /* LaunchScreen.storyboard in Resources */,
				F8D491282804BEA000DEF9C6 /* Assets.xcassets in Resources */,
				F8D491262804BE9F00DEF9C6 /* Main.storyboard in Resources */,
			);
			runOnlyForDeploymentPostprocessing = 0;
		};
/* End PBXResourcesBuildPhase section */

/* Begin PBXSourcesBuildPhase section */
		F8D491172804BE9F00DEF9C6 /* Sources */ = {
			isa = PBXSourcesBuildPhase;
			buildActionMask = 2147483647;
			files = (
				F8D491432804D51C00DEF9C6 /* Date+.swift in Sources */,
				F8D491372804BF5000DEF9C6 /* Entry.swift in Sources */,
				F8D4913C2804C93600DEF9C6 /* EntryError.swift in Sources */,
				F8D491232804BE9F00DEF9C6 /* EntryListViewController.swift in Sources */,
				F8D4913E2804CAC000DEF9C6 /* CloudOperation.swift in Sources */,
				F8D4911F2804BE9F00DEF9C6 /* AppDelegate.swift in Sources */,
				F8D4913A2804C20000DEF9C6 /* EntryController.swift in Sources */,
				F8D491402804D05A00DEF9C6 /* EntryDetailViewController.swift in Sources */,
				F8D491212804BE9F00DEF9C6 /* SceneDelegate.swift in Sources */,
			);
			runOnlyForDeploymentPostprocessing = 0;
		};
/* End PBXSourcesBuildPhase section */

/* Begin PBXVariantGroup section */
		F8D491242804BE9F00DEF9C6 /* Main.storyboard */ = {
			isa = PBXVariantGroup;
			children = (
				F8D491252804BE9F00DEF9C6 /* Base */,
			);
			name = Main.storyboard;
			sourceTree = "<group>";
		};
		F8D491292804BEA000DEF9C6 /* LaunchScreen.storyboard */ = {
			isa = PBXVariantGroup;
			children = (
				F8D4912A2804BEA000DEF9C6 /* Base */,
			);
			name = LaunchScreen.storyboard;
			sourceTree = "<group>";
		};
/* End PBXVariantGroup section */

/* Begin XCBuildConfiguration section */
		F8D4912D2804BEA000DEF9C6 /* Debug */ = {
			isa = XCBuildConfiguration;
			buildSettings = {
				ALWAYS_SEARCH_USER_PATHS = NO;
				CLANG_ANALYZER_NONNULL = YES;
				CLANG_ANALYZER_NUMBER_OBJECT_CONVERSION = YES_AGGRESSIVE;
				CLANG_CXX_LANGUAGE_STANDARD = "gnu++17";
				CLANG_ENABLE_MODULES = YES;
				CLANG_ENABLE_OBJC_ARC = YES;
				CLANG_ENABLE_OBJC_WEAK = YES;
				CLANG_WARN_BLOCK_CAPTURE_AUTORELEASING = YES;
				CLANG_WARN_BOOL_CONVERSION = YES;
				CLANG_WARN_COMMA = YES;
				CLANG_WARN_CONSTANT_CONVERSION = YES;
				CLANG_WARN_DEPRECATED_OBJC_IMPLEMENTATIONS = YES;
				CLANG_WARN_DIRECT_OBJC_ISA_USAGE = YES_ERROR;
				CLANG_WARN_DOCUMENTATION_COMMENTS = YES;
				CLANG_WARN_EMPTY_BODY = YES;
				CLANG_WARN_ENUM_CONVERSION = YES;
				CLANG_WARN_INFINITE_RECURSION = YES;
				CLANG_WARN_INT_CONVERSION = YES;
				CLANG_WARN_NON_LITERAL_NULL_CONVERSION = YES;
				CLANG_WARN_OBJC_IMPLICIT_RETAIN_SELF = YES;
				CLANG_WARN_OBJC_LITERAL_CONVERSION = YES;
				CLANG_WARN_OBJC_ROOT_CLASS = YES_ERROR;
				CLANG_WARN_QUOTED_INCLUDE_IN_FRAMEWORK_HEADER = YES;
				CLANG_WARN_RANGE_LOOP_ANALYSIS = YES;
				CLANG_WARN_STRICT_PROTOTYPES = YES;
				CLANG_WARN_SUSPICIOUS_MOVE = YES;
				CLANG_WARN_UNGUARDED_AVAILABILITY = YES_AGGRESSIVE;
				CLANG_WARN_UNREACHABLE_CODE = YES;
				CLANG_WARN__DUPLICATE_METHOD_MATCH = YES;
				COPY_PHASE_STRIP = NO;
				DEBUG_INFORMATION_FORMAT = dwarf;
				ENABLE_STRICT_OBJC_MSGSEND = YES;
				ENABLE_TESTABILITY = YES;
				GCC_C_LANGUAGE_STANDARD = gnu11;
				GCC_DYNAMIC_NO_PIC = NO;
				GCC_NO_COMMON_BLOCKS = YES;
				GCC_OPTIMIZATION_LEVEL = 0;
				GCC_PREPROCESSOR_DEFINITIONS = (
					"DEBUG=1",
					"$(inherited)",
				);
				GCC_WARN_64_TO_32_BIT_CONVERSION = YES;
				GCC_WARN_ABOUT_RETURN_TYPE = YES_ERROR;
				GCC_WARN_UNDECLARED_SELECTOR = YES;
				GCC_WARN_UNINITIALIZED_AUTOS = YES_AGGRESSIVE;
				GCC_WARN_UNUSED_FUNCTION = YES;
				GCC_WARN_UNUSED_VARIABLE = YES;
				IPHONEOS_DEPLOYMENT_TARGET = 15.4;
				MTL_ENABLE_DEBUG_INFO = INCLUDE_SOURCE;
				MTL_FAST_MATH = YES;
				ONLY_ACTIVE_ARCH = YES;
				SDKROOT = iphoneos;
				SWIFT_ACTIVE_COMPILATION_CONDITIONS = DEBUG;
				SWIFT_OPTIMIZATION_LEVEL = "-Onone";
			};
			name = Debug;
		};
		F8D4912E2804BEA000DEF9C6 /* Release */ = {
			isa = XCBuildConfiguration;
			buildSettings = {
				ALWAYS_SEARCH_USER_PATHS = NO;
				CLANG_ANALYZER_NONNULL = YES;
				CLANG_ANALYZER_NUMBER_OBJECT_CONVERSION = YES_AGGRESSIVE;
				CLANG_CXX_LANGUAGE_STANDARD = "gnu++17";
				CLANG_ENABLE_MODULES = YES;
				CLANG_ENABLE_OBJC_ARC = YES;
				CLANG_ENABLE_OBJC_WEAK = YES;
				CLANG_WARN_BLOCK_CAPTURE_AUTORELEASING = YES;
				CLANG_WARN_BOOL_CONVERSION = YES;
				CLANG_WARN_COMMA = YES;
				CLANG_WARN_CONSTANT_CONVERSION = YES;
				CLANG_WARN_DEPRECATED_OBJC_IMPLEMENTATIONS = YES;
				CLANG_WARN_DIRECT_OBJC_ISA_USAGE = YES_ERROR;
				CLANG_WARN_DOCUMENTATION_COMMENTS = YES;
				CLANG_WARN_EMPTY_BODY = YES;
				CLANG_WARN_ENUM_CONVERSION = YES;
				CLANG_WARN_INFINITE_RECURSION = YES;
				CLANG_WARN_INT_CONVERSION = YES;
				CLANG_WARN_NON_LITERAL_NULL_CONVERSION = YES;
				CLANG_WARN_OBJC_IMPLICIT_RETAIN_SELF = YES;
				CLANG_WARN_OBJC_LITERAL_CONVERSION = YES;
				CLANG_WARN_OBJC_ROOT_CLASS = YES_ERROR;
				CLANG_WARN_QUOTED_INCLUDE_IN_FRAMEWORK_HEADER = YES;
				CLANG_WARN_RANGE_LOOP_ANALYSIS = YES;
				CLANG_WARN_STRICT_PROTOTYPES = YES;
				CLANG_WARN_SUSPICIOUS_MOVE = YES;
				CLANG_WARN_UNGUARDED_AVAILABILITY = YES_AGGRESSIVE;
				CLANG_WARN_UNREACHABLE_CODE = YES;
				CLANG_WARN__DUPLICATE_METHOD_MATCH = YES;
				COPY_PHASE_STRIP = NO;
				DEBUG_INFORMATION_FORMAT = "dwarf-with-dsym";
				ENABLE_NS_ASSERTIONS = NO;
				ENABLE_STRICT_OBJC_MSGSEND = YES;
				GCC_C_LANGUAGE_STANDARD = gnu11;
				GCC_NO_COMMON_BLOCKS = YES;
				GCC_WARN_64_TO_32_BIT_CONVERSION = YES;
				GCC_WARN_ABOUT_RETURN_TYPE = YES_ERROR;
				GCC_WARN_UNDECLARED_SELECTOR = YES;
				GCC_WARN_UNINITIALIZED_AUTOS = YES_AGGRESSIVE;
				GCC_WARN_UNUSED_FUNCTION = YES;
				GCC_WARN_UNUSED_VARIABLE = YES;
				IPHONEOS_DEPLOYMENT_TARGET = 15.4;
				MTL_ENABLE_DEBUG_INFO = NO;
				MTL_FAST_MATH = YES;
				SDKROOT = iphoneos;
				SWIFT_COMPILATION_MODE = wholemodule;
				SWIFT_OPTIMIZATION_LEVEL = "-O";
				VALIDATE_PRODUCT = YES;
			};
			name = Release;
		};
		F8D491302804BEA000DEF9C6 /* Debug */ = {
			isa = XCBuildConfiguration;
			buildSettings = {
				ASSETCATALOG_COMPILER_APPICON_NAME = AppIcon;
				ASSETCATALOG_COMPILER_GLOBAL_ACCENT_COLOR_NAME = AccentColor;
				CODE_SIGN_ENTITLEMENTS = JournalByCloudKit/JournalByCloudKit.entitlements;
				CODE_SIGN_STYLE = Automatic;
				CURRENT_PROJECT_VERSION = 2;
				DEVELOPMENT_TEAM = 37H8X6K6NN;
				GENERATE_INFOPLIST_FILE = YES;
				INFOPLIST_FILE = JournalByCloudKit/Resources/Info.plist;
				INFOPLIST_KEY_UIApplicationSupportsIndirectInputEvents = YES;
				INFOPLIST_KEY_UILaunchStoryboardName = LaunchScreen;
				INFOPLIST_KEY_UIMainStoryboardFile = Main;
				INFOPLIST_KEY_UISupportedInterfaceOrientations_iPad = "UIInterfaceOrientationPortrait UIInterfaceOrientationPortraitUpsideDown UIInterfaceOrientationLandscapeLeft UIInterfaceOrientationLandscapeRight";
				INFOPLIST_KEY_UISupportedInterfaceOrientations_iPhone = "UIInterfaceOrientationPortrait UIInterfaceOrientationLandscapeLeft UIInterfaceOrientationLandscapeRight";
				LD_RUNPATH_SEARCH_PATHS = (
					"$(inherited)",
					"@executable_path/Frameworks",
				);
				MARKETING_VERSION = 1.0;
				PRODUCT_BUNDLE_IDENTIFIER = com.AvantiApplications.JournalByCloudKit;
				PRODUCT_NAME = "$(TARGET_NAME)";
				SWIFT_EMIT_LOC_STRINGS = YES;
				SWIFT_VERSION = 5.0;
				TARGETED_DEVICE_FAMILY = "1,2";
			};
			name = Debug;
		};
		F8D491312804BEA000DEF9C6 /* Release */ = {
			isa = XCBuildConfiguration;
			buildSettings = {
				ASSETCATALOG_COMPILER_APPICON_NAME = AppIcon;
				ASSETCATALOG_COMPILER_GLOBAL_ACCENT_COLOR_NAME = AccentColor;
				CODE_SIGN_ENTITLEMENTS = JournalByCloudKit/JournalByCloudKit.entitlements;
				CODE_SIGN_STYLE = Automatic;
				CURRENT_PROJECT_VERSION = 2;
				DEVELOPMENT_TEAM = 37H8X6K6NN;
				GENERATE_INFOPLIST_FILE = YES;
				INFOPLIST_FILE = JournalByCloudKit/Resources/Info.plist;
				INFOPLIST_KEY_UIApplicationSupportsIndirectInputEvents = YES;
				INFOPLIST_KEY_UILaunchStoryboardName = LaunchScreen;
				INFOPLIST_KEY_UIMainStoryboardFile = Main;
				INFOPLIST_KEY_UISupportedInterfaceOrientations_iPad = "UIInterfaceOrientationPortrait UIInterfaceOrientationPortraitUpsideDown UIInterfaceOrientationLandscapeLeft UIInterfaceOrientationLandscapeRight";
				INFOPLIST_KEY_UISupportedInterfaceOrientations_iPhone = "UIInterfaceOrientationPortrait UIInterfaceOrientationLandscapeLeft UIInterfaceOrientationLandscapeRight";
				LD_RUNPATH_SEARCH_PATHS = (
					"$(inherited)",
					"@executable_path/Frameworks",
				);
				MARKETING_VERSION = 1.0;
				PRODUCT_BUNDLE_IDENTIFIER = com.AvantiApplications.JournalByCloudKit;
				PRODUCT_NAME = "$(TARGET_NAME)";
				SWIFT_EMIT_LOC_STRINGS = YES;
				SWIFT_VERSION = 5.0;
				TARGETED_DEVICE_FAMILY = "1,2";
			};
			name = Release;
		};
/* End XCBuildConfiguration section */

/* Begin XCConfigurationList section */
		F8D491162804BE9F00DEF9C6 /* Build configuration list for PBXProject "JournalByCloudKit" */ = {
			isa = XCConfigurationList;
			buildConfigurations = (
				F8D4912D2804BEA000DEF9C6 /* Debug */,
				F8D4912E2804BEA000DEF9C6 /* Release */,
			);
			defaultConfigurationIsVisible = 0;
			defaultConfigurationName = Release;
		};
		F8D4912F2804BEA000DEF9C6 /* Build configuration list for PBXNativeTarget "JournalByCloudKit" */ = {
			isa = XCConfigurationList;
			buildConfigurations = (
				F8D491302804BEA000DEF9C6 /* Debug */,
				F8D491312804BEA000DEF9C6 /* Release */,
			);
			defaultConfigurationIsVisible = 0;
			defaultConfigurationName = Release;
		};
/* End XCConfigurationList section */
	};
	rootObject = F8D491132804BE9F00DEF9C6 /* Project object */;
}
